
Microsoft Visual Studio Solution File, Format Version 12.00
# Visual Studio Version 16
VisualStudioVersion = 16.0.30320.27
MinimumVisualStudioVersion = 10.0.40219.1
Project("{2150E333-8FDC-42A3-9474-1A3956D46DE8}") = "Example1", "Example1", "{F73F4E5A-B0F3-4C27-990B-8205F6477C9C}"
EndProject
Project("{9A19103F-16F7-4668-BE54-9A1E7A4F7556}") = "Server", "examples\ExampleServer\Server.csproj", "{5866D3B0-D142-459F-9347-7243028C344B}"
EndProject
Project("{9A19103F-16F7-4668-BE54-9A1E7A4F7556}") = "ExampleClient", "examples\ExampleClient\ExampleClient.csproj", "{9E03CA2B-9BBD-4CDF-A43C-ACBC6B577A3B}"
EndProject
Project("{2150E333-8FDC-42A3-9474-1A3956D46DE8}") = "Server", "Server", "{F8078C70-673D-481D-AF9B-A23A99AD4AA9}"
EndProject
Project("{2150E333-8FDC-42A3-9474-1A3956D46DE8}") = "Client", "Client", "{5BB1D9BE-BC95-474B-9CCB-ECAF02BB3137}"
EndProject
Project("{9A19103F-16F7-4668-BE54-9A1E7A4F7556}") = "ServerContracts", "examples\ServerContracts\ServerContracts.csproj", "{2FBACCED-A53C-4258-B0BA-626E149A5907}"
EndProject
Project("{2150E333-8FDC-42A3-9474-1A3956D46DE8}") = "ManualTests", "ManualTests", "{1CDC355A-2DC8-48BD-BF0E-1C07FD741866}"
EndProject
Project("{2150E333-8FDC-42A3-9474-1A3956D46DE8}") = "Sender", "Sender", "{79884FC0-9091-4345-B70F-FD677E0CF231}"
EndProject
Project("{9A19103F-16F7-4668-BE54-9A1E7A4F7556}") = "TestRmqSenderProject", "tests\Sender\TestRmqSenderProject\TestRmqSenderProject.csproj", "{5E31E3C1-6DA3-425E-8AE6-74986D100654}"
EndProject
Project("{2150E333-8FDC-42A3-9474-1A3956D46DE8}") = "Solution Items", "Solution Items", "{6C427799-1C1A-48A0-B8FA-F79B790CA6DB}"
	ProjectSection(SolutionItems) = preProject
		README.md = README.md
	EndProjectSection
EndProject
Project("{2150E333-8FDC-42A3-9474-1A3956D46DE8}") = "TestServer", "TestServer", "{23880924-6281-4F76-A106-AD8A006E1CB0}"
EndProject
Project("{9A19103F-16F7-4668-BE54-9A1E7A4F7556}") = "RmqRpcServerClear", "tests\Sender\TestServer\RmqRpcServerClear\RmqRpcServerClear.csproj", "{1287FB47-F67F-4AB2-AB78-E017B700287E}"
EndProject
Project("{2150E333-8FDC-42A3-9474-1A3956D46DE8}") = "src", "src", "{7115ADD4-50DC-4916-BF83-BBC8E9EE3E84}"
EndProject
Project("{9A19103F-16F7-4668-BE54-9A1E7A4F7556}") = "RmqLib", "src\RmqLib\RmqLib.csproj", "{A0C4696B-9D2C-466F-8AB7-BEA33830DE08}"
EndProject
Project("{9A19103F-16F7-4668-BE54-9A1E7A4F7556}") = "RmqLibOld", "src\OldVersion\RmqLibOld.csproj", "{873664D1-EA8F-48DD-AB70-33CC44D291F9}"
EndProject
Project("{9A19103F-16F7-4668-BE54-9A1E7A4F7556}") = "SubscriptionTest", "tests\Subscriptions\SubscriptionTest\SubscriptionTest.csproj", "{7CC63778-0C64-4A75-BEA5-79887C32B7B9}"
EndProject
Project("{2150E333-8FDC-42A3-9474-1A3956D46DE8}") = "Subscriptions", "Subscriptions", "{471935E1-4B60-4A94-BED3-64D8812B0943}"
EndProject
Project("{FAE04EC0-301F-11D3-BF4B-00C04F79EFBC}") = "SubscriptionTestContract", "tests\Subscriptions\SubscriptionTest\SubscriptionTestContract\SubscriptionTestContract.csproj", "{4493EA95-CD55-4CA8-8EEE-38F06A6CB390}"
EndProject
Global
	GlobalSection(SolutionConfigurationPlatforms) = preSolution
		Debug|Any CPU = Debug|Any CPU
		Release|Any CPU = Release|Any CPU
	EndGlobalSection
	GlobalSection(ProjectConfigurationPlatforms) = postSolution
		{5866D3B0-D142-459F-9347-7243028C344B}.Debug|Any CPU.ActiveCfg = Debug|Any CPU
		{5866D3B0-D142-459F-9347-7243028C344B}.Debug|Any CPU.Build.0 = Debug|Any CPU
		{5866D3B0-D142-459F-9347-7243028C344B}.Release|Any CPU.ActiveCfg = Release|Any CPU
		{5866D3B0-D142-459F-9347-7243028C344B}.Release|Any CPU.Build.0 = Release|Any CPU
		{9E03CA2B-9BBD-4CDF-A43C-ACBC6B577A3B}.Debug|Any CPU.ActiveCfg = Debug|Any CPU
		{9E03CA2B-9BBD-4CDF-A43C-ACBC6B577A3B}.Debug|Any CPU.Build.0 = Debug|Any CPU
		{9E03CA2B-9BBD-4CDF-A43C-ACBC6B577A3B}.Release|Any CPU.ActiveCfg = Release|Any CPU
		{9E03CA2B-9BBD-4CDF-A43C-ACBC6B577A3B}.Release|Any CPU.Build.0 = Release|Any CPU
		{2FBACCED-A53C-4258-B0BA-626E149A5907}.Debug|Any CPU.ActiveCfg = Debug|Any CPU
		{2FBACCED-A53C-4258-B0BA-626E149A5907}.Debug|Any CPU.Build.0 = Debug|Any CPU
		{2FBACCED-A53C-4258-B0BA-626E149A5907}.Release|Any CPU.ActiveCfg = Release|Any CPU
		{2FBACCED-A53C-4258-B0BA-626E149A5907}.Release|Any CPU.Build.0 = Release|Any CPU
		{5E31E3C1-6DA3-425E-8AE6-74986D100654}.Debug|Any CPU.ActiveCfg = Debug|Any CPU
		{5E31E3C1-6DA3-425E-8AE6-74986D100654}.Debug|Any CPU.Build.0 = Debug|Any CPU
		{5E31E3C1-6DA3-425E-8AE6-74986D100654}.Release|Any CPU.ActiveCfg = Release|Any CPU
		{5E31E3C1-6DA3-425E-8AE6-74986D100654}.Release|Any CPU.Build.0 = Release|Any CPU
		{1287FB47-F67F-4AB2-AB78-E017B700287E}.Debug|Any CPU.ActiveCfg = Debug|Any CPU
		{1287FB47-F67F-4AB2-AB78-E017B700287E}.Debug|Any CPU.Build.0 = Debug|Any CPU
		{1287FB47-F67F-4AB2-AB78-E017B700287E}.Release|Any CPU.ActiveCfg = Release|Any CPU
		{1287FB47-F67F-4AB2-AB78-E017B700287E}.Release|Any CPU.Build.0 = Release|Any CPU
		{A0C4696B-9D2C-466F-8AB7-BEA33830DE08}.Debug|Any CPU.ActiveCfg = Debug|Any CPU
		{A0C4696B-9D2C-466F-8AB7-BEA33830DE08}.Debug|Any CPU.Build.0 = Debug|Any CPU
		{A0C4696B-9D2C-466F-8AB7-BEA33830DE08}.Release|Any CPU.ActiveCfg = Release|Any CPU
		{A0C4696B-9D2C-466F-8AB7-BEA33830DE08}.Release|Any CPU.Build.0 = Release|Any CPU
		{873664D1-EA8F-48DD-AB70-33CC44D291F9}.Debug|Any CPU.ActiveCfg = Debug|Any CPU
		{873664D1-EA8F-48DD-AB70-33CC44D291F9}.Debug|Any CPU.Build.0 = Debug|Any CPU
		{873664D1-EA8F-48DD-AB70-33CC44D291F9}.Release|Any CPU.ActiveCfg = Release|Any CPU
		{873664D1-EA8F-48DD-AB70-33CC44D291F9}.Release|Any CPU.Build.0 = Release|Any CPU
		{7CC63778-0C64-4A75-BEA5-79887C32B7B9}.Debug|Any CPU.ActiveCfg = Debug|Any CPU
		{7CC63778-0C64-4A75-BEA5-79887C32B7B9}.Debug|Any CPU.Build.0 = Debug|Any CPU
		{7CC63778-0C64-4A75-BEA5-79887C32B7B9}.Release|Any CPU.ActiveCfg = Release|Any CPU
		{7CC63778-0C64-4A75-BEA5-79887C32B7B9}.Release|Any CPU.Build.0 = Release|Any CPU
		{4493EA95-CD55-4CA8-8EEE-38F06A6CB390}.Debug|Any CPU.ActiveCfg = Debug|Any CPU
		{4493EA95-CD55-4CA8-8EEE-38F06A6CB390}.Debug|Any CPU.Build.0 = Debug|Any CPU
		{4493EA95-CD55-4CA8-8EEE-38F06A6CB390}.Release|Any CPU.ActiveCfg = Release|Any CPU
		{4493EA95-CD55-4CA8-8EEE-38F06A6CB390}.Release|Any CPU.Build.0 = Release|Any CPU
	EndGlobalSection
	GlobalSection(SolutionProperties) = preSolution
		HideSolutionNode = FALSE
	EndGlobalSection
	GlobalSection(NestedProjects) = preSolution
		{5866D3B0-D142-459F-9347-7243028C344B} = {F8078C70-673D-481D-AF9B-A23A99AD4AA9}
		{9E03CA2B-9BBD-4CDF-A43C-ACBC6B577A3B} = {5BB1D9BE-BC95-474B-9CCB-ECAF02BB3137}
		{F8078C70-673D-481D-AF9B-A23A99AD4AA9} = {F73F4E5A-B0F3-4C27-990B-8205F6477C9C}
		{5BB1D9BE-BC95-474B-9CCB-ECAF02BB3137} = {F73F4E5A-B0F3-4C27-990B-8205F6477C9C}
		{2FBACCED-A53C-4258-B0BA-626E149A5907} = {F8078C70-673D-481D-AF9B-A23A99AD4AA9}
		{79884FC0-9091-4345-B70F-FD677E0CF231} = {1CDC355A-2DC8-48BD-BF0E-1C07FD741866}
		{5E31E3C1-6DA3-425E-8AE6-74986D100654} = {79884FC0-9091-4345-B70F-FD677E0CF231}
		{23880924-6281-4F76-A106-AD8A006E1CB0} = {1CDC355A-2DC8-48BD-BF0E-1C07FD741866}
		{1287FB47-F67F-4AB2-AB78-E017B700287E} = {23880924-6281-4F76-A106-AD8A006E1CB0}
		{A0C4696B-9D2C-466F-8AB7-BEA33830DE08} = {7115ADD4-50DC-4916-BF83-BBC8E9EE3E84}
		{873664D1-EA8F-48DD-AB70-33CC44D291F9} = {7115ADD4-50DC-4916-BF83-BBC8E9EE3E84}
		{7CC63778-0C64-4A75-BEA5-79887C32B7B9} = {471935E1-4B60-4A94-BED3-64D8812B0943}
		{471935E1-4B60-4A94-BED3-64D8812B0943} = {1CDC355A-2DC8-48BD-BF0E-1C07FD741866}
		{4493EA95-CD55-4CA8-8EEE-38F06A6CB390} = {471935E1-4B60-4A94-BED3-64D8812B0943}
	EndGlobalSection
	GlobalSection(ExtensibilityGlobals) = postSolution
		SolutionGuid = {AB1EC0EF-2868-46F7-8594-74CFD27E229A}
	EndGlobalSection
EndGlobal
