
Microsoft Visual Studio Solution File, Format Version 12.00
# Visual Studio Version 16
VisualStudioVersion = 16.0.30523.141
MinimumVisualStudioVersion = 10.0.40219.1
Project("{FAE04EC0-301F-11D3-BF4B-00C04F79EFBC}") = "RmqRpcServerClear", "RmqRpcServerClear\RmqRpcServerClear.csproj", "{0D6A213B-CDAD-409C-84B9-6E8626D1A6BA}"
EndProject
Global
	GlobalSection(SolutionConfigurationPlatforms) = preSolution
		Debug|Any CPU = Debug|Any CPU
		Release|Any CPU = Release|Any CPU
	EndGlobalSection
	GlobalSection(ProjectConfigurationPlatforms) = postSolution
		{0D6A213B-CDAD-409C-84B9-6E8626D1A6BA}.Debug|Any CPU.ActiveCfg = Debug|Any CPU
		{0D6A213B-CDAD-409C-84B9-6E8626D1A6BA}.Debug|Any CPU.Build.0 = Debug|Any CPU
		{0D6A213B-CDAD-409C-84B9-6E8626D1A6BA}.Release|Any CPU.ActiveCfg = Release|Any CPU
		{0D6A213B-CDAD-409C-84B9-6E8626D1A6BA}.Release|Any CPU.Build.0 = Release|Any CPU
	EndGlobalSection
	GlobalSection(SolutionProperties) = preSolution
		HideSolutionNode = FALSE
	EndGlobalSection
	GlobalSection(ExtensibilityGlobals) = postSolution
		SolutionGuid = {F0909B98-1925-4936-A1EB-5A0D76476630}
	EndGlobalSection
EndGlobal
