
Microsoft Visual Studio Solution File, Format Version 12.00
# Visual Studio Version 16
VisualStudioVersion = 16.0.30320.27
MinimumVisualStudioVersion = 10.0.40219.1
Project("{9A19103F-16F7-4668-BE54-9A1E7A4F7556}") = "ExampleService2", "..\ExampleService2.csproj", "{0BD5A9F2-14C0-4FB5-B937-EB30DE436513}"
EndProject
Project("{9A19103F-16F7-4668-BE54-9A1E7A4F7556}") = "RmqLib", "..\..\..\lib\RmqLib.csproj", "{CA8AABB7-F9B5-42CD-954B-C4D02B5466E4}"
EndProject
Global
	GlobalSection(SolutionConfigurationPlatforms) = preSolution
		Debug|Any CPU = Debug|Any CPU
		Release|Any CPU = Release|Any CPU
	EndGlobalSection
	GlobalSection(ProjectConfigurationPlatforms) = postSolution
		{0BD5A9F2-14C0-4FB5-B937-EB30DE436513}.Debug|Any CPU.ActiveCfg = Debug|Any CPU
		{0BD5A9F2-14C0-4FB5-B937-EB30DE436513}.Debug|Any CPU.Build.0 = Debug|Any CPU
		{0BD5A9F2-14C0-4FB5-B937-EB30DE436513}.Release|Any CPU.ActiveCfg = Release|Any CPU
		{0BD5A9F2-14C0-4FB5-B937-EB30DE436513}.Release|Any CPU.Build.0 = Release|Any CPU
		{CA8AABB7-F9B5-42CD-954B-C4D02B5466E4}.Debug|Any CPU.ActiveCfg = Debug|Any CPU
		{CA8AABB7-F9B5-42CD-954B-C4D02B5466E4}.Debug|Any CPU.Build.0 = Debug|Any CPU
		{CA8AABB7-F9B5-42CD-954B-C4D02B5466E4}.Release|Any CPU.ActiveCfg = Release|Any CPU
		{CA8AABB7-F9B5-42CD-954B-C4D02B5466E4}.Release|Any CPU.Build.0 = Release|Any CPU
	EndGlobalSection
	GlobalSection(SolutionProperties) = preSolution
		HideSolutionNode = FALSE
	EndGlobalSection
	GlobalSection(ExtensibilityGlobals) = postSolution
		SolutionGuid = {723D8A26-984F-4D59-A63A-F3C381D6CD86}
	EndGlobalSection
EndGlobal
